
Microsoft Visual Studio Solution File, Format Version 12.00
# Visual Studio Version 17
VisualStudioVersion = 17.7.34031.279
MinimumVisualStudioVersion = 10.0.40219.1
Project("{2150E333-8FDC-42A3-9474-1A3956D46DE8}") = "Task0", "Task0", "{4042C609-50B7-4F0B-A731-C13DBE09668E}"
EndProject
Project("{FAE04EC0-301F-11D3-BF4B-00C04F79EFBC}") = "Tyuiu.SpirinAA.Sprint5.Task0.V7", "Tyuiu.SpirinAA.Sprint5.Task0.V7\Tyuiu.SpirinAA.Sprint5.Task0.V7.csproj", "{A48497CF-2BC0-4215-89E8-9334537564FC}"
EndProject
Project("{FAE04EC0-301F-11D3-BF4B-00C04F79EFBC}") = "Tyuiu.SpirinAA.Sprint5.Task0.V7.Lib", "Tyuiu.SpirinAA.Sprint5.Task0.V7.Lib\Tyuiu.SpirinAA.Sprint5.Task0.V7.Lib.csproj", "{C949B90C-C3D0-4F0A-AF1F-C216B510C2CF}"
EndProject
Project("{FAE04EC0-301F-11D3-BF4B-00C04F79EFBC}") = "Tyuiu.SpirinAA.Sprint5.Task0.V7.Test", "Tyuiu.SpirinAA.Sprint5.Task0.V7.Test\Tyuiu.SpirinAA.Sprint5.Task0.V7.Test.csproj", "{937084D7-95DE-4D68-AF64-38847BA2DD47}"
EndProject
Project("{2150E333-8FDC-42A3-9474-1A3956D46DE8}") = "Task1", "Task1", "{6AA2CBD5-F451-419D-849D-CC85494D5D78}"
EndProject
Project("{FAE04EC0-301F-11D3-BF4B-00C04F79EFBC}") = "Tyuiu.SpirinAA.Sprint5.Task1.V9", "Tyuiu.SpirinAA.Sprint5.Task1.V9\Tyuiu.SpirinAA.Sprint5.Task1.V9.csproj", "{31AE274C-2E3E-4A53-A581-4A4D69E5194D}"
EndProject
Project("{FAE04EC0-301F-11D3-BF4B-00C04F79EFBC}") = "Tyuiu.SpirinAA.Sprint5.Task1.V9.Lib", "Tyuiu.SpirinAA.Sprint5.Task1.V9.Lib\Tyuiu.SpirinAA.Sprint5.Task1.V9.Lib.csproj", "{60580F14-B203-46C8-A153-6AC60B81968E}"
EndProject
Project("{FAE04EC0-301F-11D3-BF4B-00C04F79EFBC}") = "Tyuiu.SpirinAA.Sprint5.Task1.V9.Test", "Tyuiu.SpirinAA.Sprint5.Task1.V9.Test\Tyuiu.SpirinAA.Sprint5.Task1.V9.Test.csproj", "{9779F0D4-15F7-4A42-9A08-5D5330CE6BF5}"
EndProject
Project("{2150E333-8FDC-42A3-9474-1A3956D46DE8}") = "Task2", "Task2", "{34DECB3C-F10A-485B-9E45-C9A5EF0EC1FD}"
EndProject
Project("{FAE04EC0-301F-11D3-BF4B-00C04F79EFBC}") = "Tyuiu.SpirinAA.Sprint5.Task2.V24", "Tyuiu.SpirinAA.Sprint5.Task2.V24\Tyuiu.SpirinAA.Sprint5.Task2.V24.csproj", "{DEB5C90D-1021-4900-A9F5-B28BC78AA471}"
EndProject
Project("{FAE04EC0-301F-11D3-BF4B-00C04F79EFBC}") = "Tyuiu.SpirinAA.Sprint5.Task2.V24.Lib", "Tyuiu.SpirinAA.Sprint5.Task2.V24.Lib\Tyuiu.SpirinAA.Sprint5.Task2.V24.Lib.csproj", "{95A2C467-BFFF-4FF5-BFEE-B3B701364565}"
EndProject
Project("{FAE04EC0-301F-11D3-BF4B-00C04F79EFBC}") = "Tyuiu.SpirinAA.Sprint5.Task2.V24.Test", "Tyuiu.SpirinAA.Sprint5.Task2.V24.Test\Tyuiu.SpirinAA.Sprint5.Task2.V24.Test.csproj", "{2A3DF88F-00D9-42F1-99EF-4C4867999FE6}"
EndProject
Project("{2150E333-8FDC-42A3-9474-1A3956D46DE8}") = "Task3", "Task3", "{3CF7D07A-9906-48CC-9217-EA92CE51BD79}"
EndProject
Project("{FAE04EC0-301F-11D3-BF4B-00C04F79EFBC}") = "Tyuiu.SpirinAA.Sprint5.Task3.V10", "Tyuiu.SpirinAA.Sprint5.Task3.V10\Tyuiu.SpirinAA.Sprint5.Task3.V10.csproj", "{41E68ABF-248F-4121-890D-141DD39F9D94}"
EndProject
Project("{FAE04EC0-301F-11D3-BF4B-00C04F79EFBC}") = "Tyuiu.SpirinAA.Sprint5.Task3.V10.Lib", "Tyuiu.SpirinAA.Sprint5.Task3.V10.Lib\Tyuiu.SpirinAA.Sprint5.Task3.V10.Lib.csproj", "{89F61C2F-1587-4798-AB83-C69F7990EDEB}"
EndProject
Project("{FAE04EC0-301F-11D3-BF4B-00C04F79EFBC}") = "Tyuiu.SpirinAA.Sprint5.Task3.V10.Test", "Tyuiu.SpirinAA.Sprint5.Task3.V10.Test\Tyuiu.SpirinAA.Sprint5.Task3.V10.Test.csproj", "{F3880572-4C06-4C97-A479-89B1AC656CFD}"
EndProject
Global
	GlobalSection(SolutionConfigurationPlatforms) = preSolution
		Debug|Any CPU = Debug|Any CPU
		Release|Any CPU = Release|Any CPU
	EndGlobalSection
	GlobalSection(ProjectConfigurationPlatforms) = postSolution
		{A48497CF-2BC0-4215-89E8-9334537564FC}.Debug|Any CPU.ActiveCfg = Debug|Any CPU
		{A48497CF-2BC0-4215-89E8-9334537564FC}.Debug|Any CPU.Build.0 = Debug|Any CPU
		{A48497CF-2BC0-4215-89E8-9334537564FC}.Release|Any CPU.ActiveCfg = Release|Any CPU
		{A48497CF-2BC0-4215-89E8-9334537564FC}.Release|Any CPU.Build.0 = Release|Any CPU
		{C949B90C-C3D0-4F0A-AF1F-C216B510C2CF}.Debug|Any CPU.ActiveCfg = Debug|Any CPU
		{C949B90C-C3D0-4F0A-AF1F-C216B510C2CF}.Debug|Any CPU.Build.0 = Debug|Any CPU
		{C949B90C-C3D0-4F0A-AF1F-C216B510C2CF}.Release|Any CPU.ActiveCfg = Release|Any CPU
		{C949B90C-C3D0-4F0A-AF1F-C216B510C2CF}.Release|Any CPU.Build.0 = Release|Any CPU
		{937084D7-95DE-4D68-AF64-38847BA2DD47}.Debug|Any CPU.ActiveCfg = Debug|Any CPU
		{937084D7-95DE-4D68-AF64-38847BA2DD47}.Debug|Any CPU.Build.0 = Debug|Any CPU
		{937084D7-95DE-4D68-AF64-38847BA2DD47}.Release|Any CPU.ActiveCfg = Release|Any CPU
		{937084D7-95DE-4D68-AF64-38847BA2DD47}.Release|Any CPU.Build.0 = Release|Any CPU
		{31AE274C-2E3E-4A53-A581-4A4D69E5194D}.Debug|Any CPU.ActiveCfg = Debug|Any CPU
		{31AE274C-2E3E-4A53-A581-4A4D69E5194D}.Debug|Any CPU.Build.0 = Debug|Any CPU
		{31AE274C-2E3E-4A53-A581-4A4D69E5194D}.Release|Any CPU.ActiveCfg = Release|Any CPU
		{31AE274C-2E3E-4A53-A581-4A4D69E5194D}.Release|Any CPU.Build.0 = Release|Any CPU
		{60580F14-B203-46C8-A153-6AC60B81968E}.Debug|Any CPU.ActiveCfg = Debug|Any CPU
		{60580F14-B203-46C8-A153-6AC60B81968E}.Debug|Any CPU.Build.0 = Debug|Any CPU
		{60580F14-B203-46C8-A153-6AC60B81968E}.Release|Any CPU.ActiveCfg = Release|Any CPU
		{60580F14-B203-46C8-A153-6AC60B81968E}.Release|Any CPU.Build.0 = Release|Any CPU
		{9779F0D4-15F7-4A42-9A08-5D5330CE6BF5}.Debug|Any CPU.ActiveCfg = Debug|Any CPU
		{9779F0D4-15F7-4A42-9A08-5D5330CE6BF5}.Debug|Any CPU.Build.0 = Debug|Any CPU
		{9779F0D4-15F7-4A42-9A08-5D5330CE6BF5}.Release|Any CPU.ActiveCfg = Release|Any CPU
		{9779F0D4-15F7-4A42-9A08-5D5330CE6BF5}.Release|Any CPU.Build.0 = Release|Any CPU
		{DEB5C90D-1021-4900-A9F5-B28BC78AA471}.Debug|Any CPU.ActiveCfg = Debug|Any CPU
		{DEB5C90D-1021-4900-A9F5-B28BC78AA471}.Debug|Any CPU.Build.0 = Debug|Any CPU
		{DEB5C90D-1021-4900-A9F5-B28BC78AA471}.Release|Any CPU.ActiveCfg = Release|Any CPU
		{DEB5C90D-1021-4900-A9F5-B28BC78AA471}.Release|Any CPU.Build.0 = Release|Any CPU
		{95A2C467-BFFF-4FF5-BFEE-B3B701364565}.Debug|Any CPU.ActiveCfg = Debug|Any CPU
		{95A2C467-BFFF-4FF5-BFEE-B3B701364565}.Debug|Any CPU.Build.0 = Debug|Any CPU
		{95A2C467-BFFF-4FF5-BFEE-B3B701364565}.Release|Any CPU.ActiveCfg = Release|Any CPU
		{95A2C467-BFFF-4FF5-BFEE-B3B701364565}.Release|Any CPU.Build.0 = Release|Any CPU
		{2A3DF88F-00D9-42F1-99EF-4C4867999FE6}.Debug|Any CPU.ActiveCfg = Debug|Any CPU
		{2A3DF88F-00D9-42F1-99EF-4C4867999FE6}.Debug|Any CPU.Build.0 = Debug|Any CPU
		{2A3DF88F-00D9-42F1-99EF-4C4867999FE6}.Release|Any CPU.ActiveCfg = Release|Any CPU
		{2A3DF88F-00D9-42F1-99EF-4C4867999FE6}.Release|Any CPU.Build.0 = Release|Any CPU
		{41E68ABF-248F-4121-890D-141DD39F9D94}.Debug|Any CPU.ActiveCfg = Debug|Any CPU
		{41E68ABF-248F-4121-890D-141DD39F9D94}.Debug|Any CPU.Build.0 = Debug|Any CPU
		{41E68ABF-248F-4121-890D-141DD39F9D94}.Release|Any CPU.ActiveCfg = Release|Any CPU
		{41E68ABF-248F-4121-890D-141DD39F9D94}.Release|Any CPU.Build.0 = Release|Any CPU
		{89F61C2F-1587-4798-AB83-C69F7990EDEB}.Debug|Any CPU.ActiveCfg = Debug|Any CPU
		{89F61C2F-1587-4798-AB83-C69F7990EDEB}.Debug|Any CPU.Build.0 = Debug|Any CPU
		{89F61C2F-1587-4798-AB83-C69F7990EDEB}.Release|Any CPU.ActiveCfg = Release|Any CPU
		{89F61C2F-1587-4798-AB83-C69F7990EDEB}.Release|Any CPU.Build.0 = Release|Any CPU
		{F3880572-4C06-4C97-A479-89B1AC656CFD}.Debug|Any CPU.ActiveCfg = Debug|Any CPU
		{F3880572-4C06-4C97-A479-89B1AC656CFD}.Debug|Any CPU.Build.0 = Debug|Any CPU
		{F3880572-4C06-4C97-A479-89B1AC656CFD}.Release|Any CPU.ActiveCfg = Release|Any CPU
		{F3880572-4C06-4C97-A479-89B1AC656CFD}.Release|Any CPU.Build.0 = Release|Any CPU
	EndGlobalSection
	GlobalSection(SolutionProperties) = preSolution
		HideSolutionNode = FALSE
	EndGlobalSection
	GlobalSection(NestedProjects) = preSolution
		{A48497CF-2BC0-4215-89E8-9334537564FC} = {4042C609-50B7-4F0B-A731-C13DBE09668E}
		{C949B90C-C3D0-4F0A-AF1F-C216B510C2CF} = {4042C609-50B7-4F0B-A731-C13DBE09668E}
		{937084D7-95DE-4D68-AF64-38847BA2DD47} = {4042C609-50B7-4F0B-A731-C13DBE09668E}
		{31AE274C-2E3E-4A53-A581-4A4D69E5194D} = {6AA2CBD5-F451-419D-849D-CC85494D5D78}
		{60580F14-B203-46C8-A153-6AC60B81968E} = {6AA2CBD5-F451-419D-849D-CC85494D5D78}
		{9779F0D4-15F7-4A42-9A08-5D5330CE6BF5} = {6AA2CBD5-F451-419D-849D-CC85494D5D78}
		{DEB5C90D-1021-4900-A9F5-B28BC78AA471} = {34DECB3C-F10A-485B-9E45-C9A5EF0EC1FD}
		{95A2C467-BFFF-4FF5-BFEE-B3B701364565} = {34DECB3C-F10A-485B-9E45-C9A5EF0EC1FD}
		{2A3DF88F-00D9-42F1-99EF-4C4867999FE6} = {34DECB3C-F10A-485B-9E45-C9A5EF0EC1FD}
		{41E68ABF-248F-4121-890D-141DD39F9D94} = {3CF7D07A-9906-48CC-9217-EA92CE51BD79}
		{89F61C2F-1587-4798-AB83-C69F7990EDEB} = {3CF7D07A-9906-48CC-9217-EA92CE51BD79}
		{F3880572-4C06-4C97-A479-89B1AC656CFD} = {3CF7D07A-9906-48CC-9217-EA92CE51BD79}
	EndGlobalSection
	GlobalSection(ExtensibilityGlobals) = postSolution
		SolutionGuid = {ED95F8BD-B907-4A18-8A00-9E89520D0C16}
	EndGlobalSection
EndGlobal
